// !$*UTF8*$!
{
	archiveVersion = 1;
	classes = {
	};
	objectVersion = 48;
	objects = {

/* Begin PBXBuildFile section */
		27B324AC2105A9FF00BC8B6C /* AppDelegate.swift in Sources */ = {isa = PBXBuildFile; fileRef = 27B324AB2105A9FF00BC8B6C /* AppDelegate.swift */; };
		27B324AE2105A9FF00BC8B6C /* ViewController.swift in Sources */ = {isa = PBXBuildFile; fileRef = 27B324AD2105A9FF00BC8B6C /* ViewController.swift */; };
		27B324B12105A9FF00BC8B6C /* Main.storyboard in Resources */ = {isa = PBXBuildFile; fileRef = 27B324AF2105A9FF00BC8B6C /* Main.storyboard */; };
		27B324B32105A9FF00BC8B6C /* Assets.xcassets in Resources */ = {isa = PBXBuildFile; fileRef = 27B324B22105A9FF00BC8B6C /* Assets.xcassets */; };
		27B324B62105A9FF00BC8B6C /* LaunchScreen.storyboard in Resources */ = {isa = PBXBuildFile; fileRef = 27B324B42105A9FF00BC8B6C /* LaunchScreen.storyboard */; };
		27B324BF2105ADD500BC8B6C /* TableViewCell.swift in Sources */ = {isa = PBXBuildFile; fileRef = 27B324BD2105ADD500BC8B6C /* TableViewCell.swift */; };
		27B324C02105ADD500BC8B6C /* TableViewCell.xib in Resources */ = {isa = PBXBuildFile; fileRef = 27B324BE2105ADD500BC8B6C /* TableViewCell.xib */; };
		27B324C22105B7E000BC8B6C /* User.swift in Sources */ = {isa = PBXBuildFile; fileRef = 27B324C12105B7E000BC8B6C /* User.swift */; };
		27B324C82105CCA600BC8B6C /* FormViewController.swift in Sources */ = {isa = PBXBuildFile; fileRef = 27B324C72105CCA600BC8B6C /* FormViewController.swift */; };
		27B324CA2105D03500BC8B6C /* FormDetailViewController.swift in Sources */ = {isa = PBXBuildFile; fileRef = 27B324C92105D03500BC8B6C /* FormDetailViewController.swift */; };
		27B324CC2105DB4900BC8B6C /* UserDetail.swift in Sources */ = {isa = PBXBuildFile; fileRef = 27B324CB2105DB4900BC8B6C /* UserDetail.swift */; };
/* End PBXBuildFile section */

/* Begin PBXFileReference section */
		27B324A82105A9FF00BC8B6C /* UserProfile.app */ = {isa = PBXFileReference; explicitFileType = wrapper.application; includeInIndex = 0; path = UserProfile.app; sourceTree = BUILT_PRODUCTS_DIR; };
		27B324AB2105A9FF00BC8B6C /* AppDelegate.swift */ = {isa = PBXFileReference; lastKnownFileType = sourcecode.swift; path = AppDelegate.swift; sourceTree = "<group>"; };
		27B324AD2105A9FF00BC8B6C /* ViewController.swift */ = {isa = PBXFileReference; lastKnownFileType = sourcecode.swift; path = ViewController.swift; sourceTree = "<group>"; };
		27B324B02105A9FF00BC8B6C /* Base */ = {isa = PBXFileReference; lastKnownFileType = file.storyboard; name = Base; path = Base.lproj/Main.storyboard; sourceTree = "<group>"; };
		27B324B22105A9FF00BC8B6C /* Assets.xcassets */ = {isa = PBXFileReference; lastKnownFileType = folder.assetcatalog; path = Assets.xcassets; sourceTree = "<group>"; };
		27B324B52105A9FF00BC8B6C /* Base */ = {isa = PBXFileReference; lastKnownFileType = file.storyboard; name = Base; path = Base.lproj/LaunchScreen.storyboard; sourceTree = "<group>"; };
		27B324B72105A9FF00BC8B6C /* Info.plist */ = {isa = PBXFileReference; lastKnownFileType = text.plist.xml; path = Info.plist; sourceTree = "<group>"; };
		27B324BD2105ADD500BC8B6C /* TableViewCell.swift */ = {isa = PBXFileReference; lastKnownFileType = sourcecode.swift; path = TableViewCell.swift; sourceTree = "<group>"; };
		27B324BE2105ADD500BC8B6C /* TableViewCell.xib */ = {isa = PBXFileReference; lastKnownFileType = file.xib; path = TableViewCell.xib; sourceTree = "<group>"; };
		27B324C12105B7E000BC8B6C /* User.swift */ = {isa = PBXFileReference; lastKnownFileType = sourcecode.swift; path = User.swift; sourceTree = "<group>"; };
		27B324C72105CCA600BC8B6C /* FormViewController.swift */ = {isa = PBXFileReference; lastKnownFileType = sourcecode.swift; path = FormViewController.swift; sourceTree = "<group>"; };
		27B324C92105D03500BC8B6C /* FormDetailViewController.swift */ = {isa = PBXFileReference; lastKnownFileType = sourcecode.swift; path = FormDetailViewController.swift; sourceTree = "<group>"; };
		27B324CB2105DB4900BC8B6C /* UserDetail.swift */ = {isa = PBXFileReference; lastKnownFileType = sourcecode.swift; path = UserDetail.swift; sourceTree = "<group>"; };
/* End PBXFileReference section */

/* Begin PBXFrameworksBuildPhase section */
		27B324A52105A9FF00BC8B6C /* Frameworks */ = {
			isa = PBXFrameworksBuildPhase;
			buildActionMask = 2147483647;
			files = (
			);
			runOnlyForDeploymentPostprocessing = 0;
		};
/* End PBXFrameworksBuildPhase section */

/* Begin PBXGroup section */
		27B3249F2105A9FF00BC8B6C = {
			isa = PBXGroup;
			children = (
				27B324AA2105A9FF00BC8B6C /* UserProfile */,
				27B324A92105A9FF00BC8B6C /* Products */,
			);
			sourceTree = "<group>";
		};
		27B324A92105A9FF00BC8B6C /* Products */ = {
			isa = PBXGroup;
			children = (
				27B324A82105A9FF00BC8B6C /* UserProfile.app */,
			);
			name = Products;
			sourceTree = "<group>";
		};
		27B324AA2105A9FF00BC8B6C /* UserProfile */ = {
			isa = PBXGroup;
			children = (
				27B324C32105CBDE00BC8B6C /* Modal */,
				27B324C42105CBFC00BC8B6C /* View */,
				27B324C62105CC4700BC8B6C /* Controller */,
				27B324B22105A9FF00BC8B6C /* Assets.xcassets */,
				27B324B72105A9FF00BC8B6C /* Info.plist */,
			);
			path = UserProfile;
			sourceTree = "<group>";
		};
		27B324C32105CBDE00BC8B6C /* Modal */ = {
			isa = PBXGroup;
			children = (
				27B324C12105B7E000BC8B6C /* User.swift */,
				27B324CB2105DB4900BC8B6C /* UserDetail.swift */,
			);
			path = Modal;
			sourceTree = "<group>";
		};
		27B324C42105CBFC00BC8B6C /* View */ = {
			isa = PBXGroup;
			children = (
				27B324B42105A9FF00BC8B6C /* LaunchScreen.storyboard */,
				27B324AF2105A9FF00BC8B6C /* Main.storyboard */,
				27B324C52105CC1300BC8B6C /* TableViewCell */,
			);
			path = View;
			sourceTree = "<group>";
		};
		27B324C52105CC1300BC8B6C /* TableViewCell */ = {
			isa = PBXGroup;
			children = (
				27B324BD2105ADD500BC8B6C /* TableViewCell.swift */,
				27B324BE2105ADD500BC8B6C /* TableViewCell.xib */,
			);
			path = TableViewCell;
			sourceTree = "<group>";
		};
		27B324C62105CC4700BC8B6C /* Controller */ = {
			isa = PBXGroup;
			children = (
				27B324AB2105A9FF00BC8B6C /* AppDelegate.swift */,
				27B324AD2105A9FF00BC8B6C /* ViewController.swift */,
				27B324C72105CCA600BC8B6C /* FormViewController.swift */,
				27B324C92105D03500BC8B6C /* FormDetailViewController.swift */,
			);
			path = Controller;
			sourceTree = "<group>";
		};
/* End PBXGroup section */

/* Begin PBXNativeTarget section */
		27B324A72105A9FF00BC8B6C /* UserProfile */ = {
			isa = PBXNativeTarget;
			buildConfigurationList = 27B324BA2105A9FF00BC8B6C /* Build configuration list for PBXNativeTarget "UserProfile" */;
			buildPhases = (
				27B324A42105A9FF00BC8B6C /* Sources */,
				27B324A52105A9FF00BC8B6C /* Frameworks */,
				27B324A62105A9FF00BC8B6C /* Resources */,
			);
			buildRules = (
			);
			dependencies = (
			);
			name = UserProfile;
			productName = UserProfile;
			productReference = 27B324A82105A9FF00BC8B6C /* UserProfile.app */;
			productType = "com.apple.product-type.application";
		};
/* End PBXNativeTarget section */

/* Begin PBXProject section */
		27B324A02105A9FF00BC8B6C /* Project object */ = {
			isa = PBXProject;
			attributes = {
				LastSwiftUpdateCheck = 0920;
				LastUpgradeCheck = 0920;
				ORGANIZATIONNAME = "Daffodilmac-10";
				TargetAttributes = {
					27B324A72105A9FF00BC8B6C = {
						CreatedOnToolsVersion = 9.2;
						ProvisioningStyle = Automatic;
					};
				};
			};
			buildConfigurationList = 27B324A32105A9FF00BC8B6C /* Build configuration list for PBXProject "UserProfile" */;
			compatibilityVersion = "Xcode 8.0";
			developmentRegion = en;
			hasScannedForEncodings = 0;
			knownRegions = (
				en,
				Base,
			);
			mainGroup = 27B3249F2105A9FF00BC8B6C;
			productRefGroup = 27B324A92105A9FF00BC8B6C /* Products */;
			projectDirPath = "";
			projectRoot = "";
			targets = (
				27B324A72105A9FF00BC8B6C /* UserProfile */,
			);
		};
/* End PBXProject section */

/* Begin PBXResourcesBuildPhase section */
		27B324A62105A9FF00BC8B6C /* Resources */ = {
			isa = PBXResourcesBuildPhase;
			buildActionMask = 2147483647;
			files = (
				27B324B62105A9FF00BC8B6C /* LaunchScreen.storyboard in Resources */,
				27B324C02105ADD500BC8B6C /* TableViewCell.xib in Resources */,
				27B324B32105A9FF00BC8B6C /* Assets.xcassets in Resources */,
				27B324B12105A9FF00BC8B6C /* Main.storyboard in Resources */,
			);
			runOnlyForDeploymentPostprocessing = 0;
		};
/* End PBXResourcesBuildPhase section */

/* Begin PBXSourcesBuildPhase section */
		27B324A42105A9FF00BC8B6C /* Sources */ = {
			isa = PBXSourcesBuildPhase;
			buildActionMask = 2147483647;
			files = (
				27B324C22105B7E000BC8B6C /* User.swift in Sources */,
				27B324BF2105ADD500BC8B6C /* TableViewCell.swift in Sources */,
				27B324AE2105A9FF00BC8B6C /* ViewController.swift in Sources */,
				27B324CA2105D03500BC8B6C /* FormDetailViewController.swift in Sources */,
				27B324C82105CCA600BC8B6C /* FormViewController.swift in Sources */,
				27B324CC2105DB4900BC8B6C /* UserDetail.swift in Sources */,
				27B324AC2105A9FF00BC8B6C /* AppDelegate.swift in Sources */,
			);
			runOnlyForDeploymentPostprocessing = 0;
		};
/* End PBXSourcesBuildPhase section */

/* Begin PBXVariantGroup section */
		27B324AF2105A9FF00BC8B6C /* Main.storyboard */ = {
			isa = PBXVariantGroup;
			children = (
				27B324B02105A9FF00BC8B6C /* Base */,
			);
			name = Main.storyboard;
			sourceTree = "<group>";
		};
		27B324B42105A9FF00BC8B6C /* LaunchScreen.storyboard */ = {
			isa = PBXVariantGroup;
			children = (
				27B324B52105A9FF00BC8B6C /* Base */,
			);
			name = LaunchScreen.storyboard;
			sourceTree = "<group>";
		};
/* End PBXVariantGroup section */

/* Begin XCBuildConfiguration section */
		27B324B82105A9FF00BC8B6C /* Debug */ = {
			isa = XCBuildConfiguration;
			buildSettings = {
				ALWAYS_SEARCH_USER_PATHS = NO;
				CLANG_ANALYZER_NONNULL = YES;
				CLANG_ANALYZER_NUMBER_OBJECT_CONVERSION = YES_AGGRESSIVE;
				CLANG_CXX_LANGUAGE_STANDARD = "gnu++14";
				CLANG_CXX_LIBRARY = "libc++";
				CLANG_ENABLE_MODULES = YES;
				CLANG_ENABLE_OBJC_ARC = YES;
				CLANG_WARN_BLOCK_CAPTURE_AUTORELEASING = YES;
				CLANG_WARN_BOOL_CONVERSION = YES;
				CLANG_WARN_COMMA = YES;
				CLANG_WARN_CONSTANT_CONVERSION = YES;
				CLANG_WARN_DIRECT_OBJC_ISA_USAGE = YES_ERROR;
				CLANG_WARN_DOCUMENTATION_COMMENTS = YES;
				CLANG_WARN_EMPTY_BODY = YES;
				CLANG_WARN_ENUM_CONVERSION = YES;
				CLANG_WARN_INFINITE_RECURSION = YES;
				CLANG_WARN_INT_CONVERSION = YES;
				CLANG_WARN_NON_LITERAL_NULL_CONVERSION = YES;
				CLANG_WARN_OBJC_LITERAL_CONVERSION = YES;
				CLANG_WARN_OBJC_ROOT_CLASS = YES_ERROR;
				CLANG_WARN_RANGE_LOOP_ANALYSIS = YES;
				CLANG_WARN_STRICT_PROTOTYPES = YES;
				CLANG_WARN_SUSPICIOUS_MOVE = YES;
				CLANG_WARN_UNGUARDED_AVAILABILITY = YES_AGGRESSIVE;
				CLANG_WARN_UNREACHABLE_CODE = YES;
				CLANG_WARN__DUPLICATE_METHOD_MATCH = YES;
				CODE_SIGN_IDENTITY = "iPhone Developer";
				COPY_PHASE_STRIP = NO;
				DEBUG_INFORMATION_FORMAT = dwarf;
				ENABLE_STRICT_OBJC_MSGSEND = YES;
				ENABLE_TESTABILITY = YES;
				GCC_C_LANGUAGE_STANDARD = gnu11;
				GCC_DYNAMIC_NO_PIC = NO;
				GCC_NO_COMMON_BLOCKS = YES;
				GCC_OPTIMIZATION_LEVEL = 0;
				GCC_PREPROCESSOR_DEFINITIONS = (
					"DEBUG=1",
					"$(inherited)",
				);
				GCC_WARN_64_TO_32_BIT_CONVERSION = YES;
				GCC_WARN_ABOUT_RETURN_TYPE = YES_ERROR;
				GCC_WARN_UNDECLARED_SELECTOR = YES;
				GCC_WARN_UNINITIALIZED_AUTOS = YES_AGGRESSIVE;
				GCC_WARN_UNUSED_FUNCTION = YES;
				GCC_WARN_UNUSED_VARIABLE = YES;
				IPHONEOS_DEPLOYMENT_TARGET = 11.2;
				MTL_ENABLE_DEBUG_INFO = YES;
				ONLY_ACTIVE_ARCH = YES;
				SDKROOT = iphoneos;
				SWIFT_ACTIVE_COMPILATION_CONDITIONS = DEBUG;
				SWIFT_OPTIMIZATION_LEVEL = "-Onone";
			};
			name = Debug;
		};
		27B324B92105A9FF00BC8B6C /* Release */ = {
			isa = XCBuildConfiguration;
			buildSettings = {
				ALWAYS_SEARCH_USER_PATHS = NO;
				CLANG_ANALYZER_NONNULL = YES;
				CLANG_ANALYZER_NUMBER_OBJECT_CONVERSION = YES_AGGRESSIVE;
				CLANG_CXX_LANGUAGE_STANDARD = "gnu++14";
				CLANG_CXX_LIBRARY = "libc++";
				CLANG_ENABLE_MODULES = YES;
				CLANG_ENABLE_OBJC_ARC = YES;
				CLANG_WARN_BLOCK_CAPTURE_AUTORELEASING = YES;
				CLANG_WARN_BOOL_CONVERSION = YES;
				CLANG_WARN_COMMA = YES;
				CLANG_WARN_CONSTANT_CONVERSION = YES;
				CLANG_WARN_DIRECT_OBJC_ISA_USAGE = YES_ERROR;
				CLANG_WARN_DOCUMENTATION_COMMENTS = YES;
				CLANG_WARN_EMPTY_BODY = YES;
				CLANG_WARN_ENUM_CONVERSION = YES;
				CLANG_WARN_INFINITE_RECURSION = YES;
				CLANG_WARN_INT_CONVERSION = YES;
				CLANG_WARN_NON_LITERAL_NULL_CONVERSION = YES;
				CLANG_WARN_OBJC_LITERAL_CONVERSION = YES;
				CLANG_WARN_OBJC_ROOT_CLASS = YES_ERROR;
				CLANG_WARN_RANGE_LOOP_ANALYSIS = YES;
				CLANG_WARN_STRICT_PROTOTYPES = YES;
				CLANG_WARN_SUSPICIOUS_MOVE = YES;
				CLANG_WARN_UNGUARDED_AVAILABILITY = YES_AGGRESSIVE;
				CLANG_WARN_UNREACHABLE_CODE = YES;
				CLANG_WARN__DUPLICATE_METHOD_MATCH = YES;
				CODE_SIGN_IDENTITY = "iPhone Developer";
				COPY_PHASE_STRIP = NO;
				DEBUG_INFORMATION_FORMAT = "dwarf-with-dsym";
				ENABLE_NS_ASSERTIONS = NO;
				ENABLE_STRICT_OBJC_MSGSEND = YES;
				GCC_C_LANGUAGE_STANDARD = gnu11;
				GCC_NO_COMMON_BLOCKS = YES;
				GCC_WARN_64_TO_32_BIT_CONVERSION = YES;
				GCC_WARN_ABOUT_RETURN_TYPE = YES_ERROR;
				GCC_WARN_UNDECLARED_SELECTOR = YES;
				GCC_WARN_UNINITIALIZED_AUTOS = YES_AGGRESSIVE;
				GCC_WARN_UNUSED_FUNCTION = YES;
				GCC_WARN_UNUSED_VARIABLE = YES;
				IPHONEOS_DEPLOYMENT_TARGET = 11.2;
				MTL_ENABLE_DEBUG_INFO = NO;
				SDKROOT = iphoneos;
				SWIFT_OPTIMIZATION_LEVEL = "-Owholemodule";
				VALIDATE_PRODUCT = YES;
			};
			name = Release;
		};
		27B324BB2105A9FF00BC8B6C /* Debug */ = {
			isa = XCBuildConfiguration;
			buildSettings = {
				ASSETCATALOG_COMPILER_APPICON_NAME = AppIcon;
				CODE_SIGN_STYLE = Automatic;
				INFOPLIST_FILE = UserProfile/Info.plist;
				LD_RUNPATH_SEARCH_PATHS = "$(inherited) @executable_path/Frameworks";
				PRODUCT_BUNDLE_IDENTIFIER = com.bhavesh.UserProfile;
				PRODUCT_NAME = "$(TARGET_NAME)";
				SWIFT_VERSION = 4.0;
				TARGETED_DEVICE_FAMILY = "1,2";
			};
			name = Debug;
		};
		27B324BC2105A9FF00BC8B6C /* Release */ = {
			isa = XCBuildConfiguration;
			buildSettings = {
				ASSETCATALOG_COMPILER_APPICON_NAME = AppIcon;
				CODE_SIGN_STYLE = Automatic;
				INFOPLIST_FILE = UserProfile/Info.plist;
				LD_RUNPATH_SEARCH_PATHS = "$(inherited) @executable_path/Frameworks";
				PRODUCT_BUNDLE_IDENTIFIER = com.bhavesh.UserProfile;
				PRODUCT_NAME = "$(TARGET_NAME)";
				SWIFT_VERSION = 4.0;
				TARGETED_DEVICE_FAMILY = "1,2";
			};
			name = Release;
		};
/* End XCBuildConfiguration section */

/* Begin XCConfigurationList section */
		27B324A32105A9FF00BC8B6C /* Build configuration list for PBXProject "UserProfile" */ = {
			isa = XCConfigurationList;
			buildConfigurations = (
				27B324B82105A9FF00BC8B6C /* Debug */,
				27B324B92105A9FF00BC8B6C /* Release */,
			);
			defaultConfigurationIsVisible = 0;
			defaultConfigurationName = Release;
		};
		27B324BA2105A9FF00BC8B6C /* Build configuration list for PBXNativeTarget "UserProfile" */ = {
			isa = XCConfigurationList;
			buildConfigurations = (
				27B324BB2105A9FF00BC8B6C /* Debug */,
				27B324BC2105A9FF00BC8B6C /* Release */,
			);
			defaultConfigurationIsVisible = 0;
			defaultConfigurationName = Release;
		};
/* End XCConfigurationList section */
	};
	rootObject = 27B324A02105A9FF00BC8B6C /* Project object */;
}
